
Microsoft Visual Studio Solution File, Format Version 12.00
# Visual Studio 15
VisualStudioVersion = 15.0.35319.79
MinimumVisualStudioVersion = 10.0.40219.1
Project("{FAE04EC0-301F-11D3-BF4B-00C04F79EFBC}") = "Bilgisayar", "Bilgisayar\Bilgisayar.csproj", "{490D75DB-5B05-4799-9556-D387695BE375}"
EndProject
Global
	GlobalSection(SolutionConfigurationPlatforms) = preSolution
		Debug|Any CPU = Debug|Any CPU
		Release|Any CPU = Release|Any CPU
	EndGlobalSection
	GlobalSection(ProjectConfigurationPlatforms) = postSolution
		{490D75DB-5B05-4799-9556-D387695BE375}.Debug|Any CPU.ActiveCfg = Debug|Any CPU
		{490D75DB-5B05-4799-9556-D387695BE375}.Debug|Any CPU.Build.0 = Debug|Any CPU
		{490D75DB-5B05-4799-9556-D387695BE375}.Release|Any CPU.ActiveCfg = Release|Any CPU
		{490D75DB-5B05-4799-9556-D387695BE375}.Release|Any CPU.Build.0 = Release|Any CPU
	EndGlobalSection
	GlobalSection(SolutionProperties) = preSolution
		HideSolutionNode = FALSE
	EndGlobalSection
	GlobalSection(ExtensibilityGlobals) = postSolution
		SolutionGuid = {1B9BA96C-D41A-49E4-B117-3614154A5B92}
	EndGlobalSection
EndGlobal
