
Microsoft Visual Studio Solution File, Format Version 12.00
# Visual Studio 15
VisualStudioVersion = 15.0.35319.79
MinimumVisualStudioVersion = 10.0.40219.1
Project("{FAE04EC0-301F-11D3-BF4B-00C04F79EFBC}") = "KiralikArac", "KiralikArac\KiralikArac.csproj", "{A1AF08A8-03F2-429D-9204-87DB297189D1}"
EndProject
Global
	GlobalSection(SolutionConfigurationPlatforms) = preSolution
		Debug|Any CPU = Debug|Any CPU
		Release|Any CPU = Release|Any CPU
	EndGlobalSection
	GlobalSection(ProjectConfigurationPlatforms) = postSolution
		{A1AF08A8-03F2-429D-9204-87DB297189D1}.Debug|Any CPU.ActiveCfg = Debug|Any CPU
		{A1AF08A8-03F2-429D-9204-87DB297189D1}.Debug|Any CPU.Build.0 = Debug|Any CPU
		{A1AF08A8-03F2-429D-9204-87DB297189D1}.Release|Any CPU.ActiveCfg = Release|Any CPU
		{A1AF08A8-03F2-429D-9204-87DB297189D1}.Release|Any CPU.Build.0 = Release|Any CPU
	EndGlobalSection
	GlobalSection(SolutionProperties) = preSolution
		HideSolutionNode = FALSE
	EndGlobalSection
	GlobalSection(ExtensibilityGlobals) = postSolution
		SolutionGuid = {E001536C-3759-4226-B565-A4B84EDEF4ED}
	EndGlobalSection
EndGlobal
