
Microsoft Visual Studio Solution File, Format Version 12.00
# Visual Studio 15
VisualStudioVersion = 15.0.35319.79
MinimumVisualStudioVersion = 10.0.40219.1
Project("{FAE04EC0-301F-11D3-BF4B-00C04F79EFBC}") = "OrtalamaMedyanHesaplama", "OrtalamaMedyanHesaplama\OrtalamaMedyanHesaplama.csproj", "{B42D8A0A-39E3-44BF-A572-58A9E8DBC3DE}"
EndProject
Global
	GlobalSection(SolutionConfigurationPlatforms) = preSolution
		Debug|Any CPU = Debug|Any CPU
		Release|Any CPU = Release|Any CPU
	EndGlobalSection
	GlobalSection(ProjectConfigurationPlatforms) = postSolution
		{B42D8A0A-39E3-44BF-A572-58A9E8DBC3DE}.Debug|Any CPU.ActiveCfg = Debug|Any CPU
		{B42D8A0A-39E3-44BF-A572-58A9E8DBC3DE}.Debug|Any CPU.Build.0 = Debug|Any CPU
		{B42D8A0A-39E3-44BF-A572-58A9E8DBC3DE}.Release|Any CPU.ActiveCfg = Release|Any CPU
		{B42D8A0A-39E3-44BF-A572-58A9E8DBC3DE}.Release|Any CPU.Build.0 = Release|Any CPU
	EndGlobalSection
	GlobalSection(SolutionProperties) = preSolution
		HideSolutionNode = FALSE
	EndGlobalSection
	GlobalSection(ExtensibilityGlobals) = postSolution
		SolutionGuid = {7F60B52A-5AC5-4518-92F3-BF70A2474FF9}
	EndGlobalSection
EndGlobal
