
Microsoft Visual Studio Solution File, Format Version 12.00
# Visual Studio 15
VisualStudioVersion = 15.0.35319.79
MinimumVisualStudioVersion = 10.0.40219.1
Project("{FAE04EC0-301F-11D3-BF4B-00C04F79EFBC}") = "Proje", "BankaHesabi\Proje.csproj", "{1154587E-7F42-4EAD-A24C-A3270C274AE0}"
EndProject
Global
	GlobalSection(SolutionConfigurationPlatforms) = preSolution
		Debug|Any CPU = Debug|Any CPU
		Release|Any CPU = Release|Any CPU
	EndGlobalSection
	GlobalSection(ProjectConfigurationPlatforms) = postSolution
		{1154587E-7F42-4EAD-A24C-A3270C274AE0}.Debug|Any CPU.ActiveCfg = Debug|Any CPU
		{1154587E-7F42-4EAD-A24C-A3270C274AE0}.Debug|Any CPU.Build.0 = Debug|Any CPU
		{1154587E-7F42-4EAD-A24C-A3270C274AE0}.Release|Any CPU.ActiveCfg = Release|Any CPU
		{1154587E-7F42-4EAD-A24C-A3270C274AE0}.Release|Any CPU.Build.0 = Release|Any CPU
	EndGlobalSection
	GlobalSection(SolutionProperties) = preSolution
		HideSolutionNode = FALSE
	EndGlobalSection
	GlobalSection(ExtensibilityGlobals) = postSolution
		SolutionGuid = {CF44B5DC-3010-4F48-91D7-B6486F402521}
	EndGlobalSection
EndGlobal
